{
  "object": {
    "pins": [
      {
        "package": "SwiftCLI",
        "repositoryURL": "https://github.com/jakeheis/SwiftCLI",
        "state": {
          "branch": null,
          "revision": "a84dc5ace202e8f095f32909c9f45f678e5097e4",
          "version": "4.0.2"
        }
      }
    ]
  },
  "version": 1
}
