{
  "object": {
    "pins": [
      {
        "package": "SwiftCLI",
        "repositoryURL": "https://github.com/jakeheis/SwiftCLI",
        "state": {
          "branch": null,
          "revision": "8e5916bfcc7f8acee6fb2cb36d1ffefb02ac2460",
          "version": "3.1.0"
        }
      }
    ]
  },
  "version": 1
}
