// !$*UTF8*$!
{
	archiveVersion = 1;
	classes = {
	};
	objectVersion = 46;
	objects = {

/* Begin PBXBuildFile section */
		061FCE2D1DBCC6A30052F7BE /* Constants.swift in Sources */ = {isa = PBXBuildFile; fileRef = 061FCE2C1DBCC6A30052F7BE /* Constants.swift */; };
		063DF10A1DE1F07800F38082 /* DataWithPointer.swift in Sources */ = {isa = PBXBuildFile; fileRef = 063DF1051DE1F07800F38082 /* DataWithPointer.swift */; };
		063DF10B1DE1F07800F38082 /* DataWithPointer.swift in Sources */ = {isa = PBXBuildFile; fileRef = 063DF1051DE1F07800F38082 /* DataWithPointer.swift */; };
		063DF10C1DE1F07800F38082 /* DataWithPointer.swift in Sources */ = {isa = PBXBuildFile; fileRef = 063DF1051DE1F07800F38082 /* DataWithPointer.swift */; };
		063DF10D1DE1F07800F38082 /* Extensions.swift in Sources */ = {isa = PBXBuildFile; fileRef = 063DF1061DE1F07800F38082 /* Extensions.swift */; };
		063DF10E1DE1F07800F38082 /* Extensions.swift in Sources */ = {isa = PBXBuildFile; fileRef = 063DF1061DE1F07800F38082 /* Extensions.swift */; };
		063DF10F1DE1F07800F38082 /* Extensions.swift in Sources */ = {isa = PBXBuildFile; fileRef = 063DF1061DE1F07800F38082 /* Extensions.swift */; };
		063DF1101DE1F07800F38082 /* HuffmanLength.swift in Sources */ = {isa = PBXBuildFile; fileRef = 063DF1071DE1F07800F38082 /* HuffmanLength.swift */; };
		063DF1111DE1F07800F38082 /* HuffmanLength.swift in Sources */ = {isa = PBXBuildFile; fileRef = 063DF1071DE1F07800F38082 /* HuffmanLength.swift */; };
		063DF1121DE1F07800F38082 /* HuffmanLength.swift in Sources */ = {isa = PBXBuildFile; fileRef = 063DF1071DE1F07800F38082 /* HuffmanLength.swift */; };
		063DF1131DE1F07800F38082 /* HuffmanTable.swift in Sources */ = {isa = PBXBuildFile; fileRef = 063DF1081DE1F07800F38082 /* HuffmanTable.swift */; };
		063DF1141DE1F07800F38082 /* HuffmanTable.swift in Sources */ = {isa = PBXBuildFile; fileRef = 063DF1081DE1F07800F38082 /* HuffmanTable.swift */; };
		063DF1151DE1F07800F38082 /* HuffmanTable.swift in Sources */ = {isa = PBXBuildFile; fileRef = 063DF1081DE1F07800F38082 /* HuffmanTable.swift */; };
		063DF1161DE1F07800F38082 /* Protocols.swift in Sources */ = {isa = PBXBuildFile; fileRef = 063DF1091DE1F07800F38082 /* Protocols.swift */; };
		063DF1171DE1F07800F38082 /* Protocols.swift in Sources */ = {isa = PBXBuildFile; fileRef = 063DF1091DE1F07800F38082 /* Protocols.swift */; };
		063DF1181DE1F07800F38082 /* Protocols.swift in Sources */ = {isa = PBXBuildFile; fileRef = 063DF1091DE1F07800F38082 /* Protocols.swift */; };
		063DF1191DE1F2E200F38082 /* DataWithPointer.swift in Sources */ = {isa = PBXBuildFile; fileRef = 063DF1051DE1F07800F38082 /* DataWithPointer.swift */; };
		063DF11A1DE1F2E200F38082 /* Extensions.swift in Sources */ = {isa = PBXBuildFile; fileRef = 063DF1061DE1F07800F38082 /* Extensions.swift */; };
		063DF11B1DE1F2E200F38082 /* HuffmanLength.swift in Sources */ = {isa = PBXBuildFile; fileRef = 063DF1071DE1F07800F38082 /* HuffmanLength.swift */; };
		063DF11C1DE1F2E200F38082 /* HuffmanTable.swift in Sources */ = {isa = PBXBuildFile; fileRef = 063DF1081DE1F07800F38082 /* HuffmanTable.swift */; };
		063DF11D1DE1F2E200F38082 /* Protocols.swift in Sources */ = {isa = PBXBuildFile; fileRef = 063DF1091DE1F07800F38082 /* Protocols.swift */; };
		065569681DC65C2A00A47E66 /* GzipArchive.swift in Sources */ = {isa = PBXBuildFile; fileRef = 063364E21DC52979007E313F /* GzipArchive.swift */; };
		065569691DC65C2A00A47E66 /* ZlibArchive.swift in Sources */ = {isa = PBXBuildFile; fileRef = 064492581DC606D400F10981 /* ZlibArchive.swift */; };
		0655696A1DC65C2A00A47E66 /* Deflate.swift in Sources */ = {isa = PBXBuildFile; fileRef = 061FCE251DBCC4BE0052F7BE /* Deflate.swift */; };
		0655696F1DC65C2B00A47E66 /* GzipArchive.swift in Sources */ = {isa = PBXBuildFile; fileRef = 063364E21DC52979007E313F /* GzipArchive.swift */; };
		065569701DC65C2B00A47E66 /* ZlibArchive.swift in Sources */ = {isa = PBXBuildFile; fileRef = 064492581DC606D400F10981 /* ZlibArchive.swift */; };
		065569711DC65C2B00A47E66 /* Deflate.swift in Sources */ = {isa = PBXBuildFile; fileRef = 061FCE251DBCC4BE0052F7BE /* Deflate.swift */; };
		065569761DC65C2B00A47E66 /* GzipArchive.swift in Sources */ = {isa = PBXBuildFile; fileRef = 063364E21DC52979007E313F /* GzipArchive.swift */; };
		065569771DC65C2B00A47E66 /* ZlibArchive.swift in Sources */ = {isa = PBXBuildFile; fileRef = 064492581DC606D400F10981 /* ZlibArchive.swift */; };
		065569781DC65C2B00A47E66 /* Deflate.swift in Sources */ = {isa = PBXBuildFile; fileRef = 061FCE251DBCC4BE0052F7BE /* Deflate.swift */; };
		0661F06F1DC92391006C3D35 /* PerformanceTests.swift in Sources */ = {isa = PBXBuildFile; fileRef = 0661F06E1DC92391006C3D35 /* PerformanceTests.swift */; };
		0680E1B11DDA2D7C005C05EB /* ZlibTests.swift in Sources */ = {isa = PBXBuildFile; fileRef = 0680E1B01DDA2D7C005C05EB /* ZlibTests.swift */; };
		0680E1B31DDA3D0A005C05EB /* GzipTests.swift in Sources */ = {isa = PBXBuildFile; fileRef = 0680E1B21DDA3D0A005C05EB /* GzipTests.swift */; };
		0680E1B51DDA4076005C05EB /* Bzip2Tests.swift in Sources */ = {isa = PBXBuildFile; fileRef = 0680E1B41DDA4075005C05EB /* Bzip2Tests.swift */; };
		06A393391DE0709300182E12 /* GzipArchive.swift in Sources */ = {isa = PBXBuildFile; fileRef = 063364E21DC52979007E313F /* GzipArchive.swift */; };
		06A3933A1DE0709300182E12 /* ZlibArchive.swift in Sources */ = {isa = PBXBuildFile; fileRef = 064492581DC606D400F10981 /* ZlibArchive.swift */; };
		06A3933B1DE0709300182E12 /* Deflate.swift in Sources */ = {isa = PBXBuildFile; fileRef = 061FCE251DBCC4BE0052F7BE /* Deflate.swift */; };
		06A3933C1DE0709300182E12 /* BZip2.swift in Sources */ = {isa = PBXBuildFile; fileRef = 06FED40B1DD7717E0013DFB2 /* BZip2.swift */; };
		06A393431DE0710500182E12 /* SWCompression.h in Headers */ = {isa = PBXBuildFile; fileRef = 06A393421DE070B500182E12 /* SWCompression.h */; settings = {ATTRIBUTES = (Public, ); }; };
		06A393441DE0713300182E12 /* SWCompression.h in Headers */ = {isa = PBXBuildFile; fileRef = 06A393421DE070B500182E12 /* SWCompression.h */; settings = {ATTRIBUTES = (Public, ); }; };
		06A393451DE0713A00182E12 /* SWCompression.h in Headers */ = {isa = PBXBuildFile; fileRef = 06A393421DE070B500182E12 /* SWCompression.h */; settings = {ATTRIBUTES = (Public, ); }; };
		06A393461DE0714000182E12 /* SWCompression.h in Headers */ = {isa = PBXBuildFile; fileRef = 06A393421DE070B500182E12 /* SWCompression.h */; settings = {ATTRIBUTES = (Public, ); }; };
		06BE1AD21DB410F100EE0F59 /* SWCompression.framework in Frameworks */ = {isa = PBXBuildFile; fileRef = 06BE1AC81DB410F100EE0F59 /* SWCompression.framework */; };
		06CC18601DE35269003532F5 /* test1.answer in Resources */ = {isa = PBXBuildFile; fileRef = 06CC183F1DE35269003532F5 /* test1.answer */; };
		06CC18611DE35269003532F5 /* test2.answer in Resources */ = {isa = PBXBuildFile; fileRef = 06CC18401DE35269003532F5 /* test2.answer */; };
		06CC18621DE35269003532F5 /* test3.answer in Resources */ = {isa = PBXBuildFile; fileRef = 06CC18411DE35269003532F5 /* test3.answer */; };
		06CC18631DE35269003532F5 /* test4.answer in Resources */ = {isa = PBXBuildFile; fileRef = 06CC18421DE35269003532F5 /* test4.answer */; };
		06CC18641DE35269003532F5 /* test5.answer in Resources */ = {isa = PBXBuildFile; fileRef = 06CC18431DE35269003532F5 /* test5.answer */; };
		06CC18651DE35269003532F5 /* test6.answer in Resources */ = {isa = PBXBuildFile; fileRef = 06CC18441DE35269003532F5 /* test6.answer */; };
		06CC18661DE35269003532F5 /* test7.answer in Resources */ = {isa = PBXBuildFile; fileRef = 06CC18451DE35269003532F5 /* test7.answer */; };
		06CC18671DE35269003532F5 /* test1.bz2 in Resources */ = {isa = PBXBuildFile; fileRef = 06CC18471DE35269003532F5 /* test1.bz2 */; };
		06CC18681DE35269003532F5 /* test2.bz2 in Resources */ = {isa = PBXBuildFile; fileRef = 06CC18481DE35269003532F5 /* test2.bz2 */; };
		06CC18691DE35269003532F5 /* test3.bz2 in Resources */ = {isa = PBXBuildFile; fileRef = 06CC18491DE35269003532F5 /* test3.bz2 */; };
		06CC186A1DE35269003532F5 /* test4.bz2 in Resources */ = {isa = PBXBuildFile; fileRef = 06CC184A1DE35269003532F5 /* test4.bz2 */; };
		06CC186B1DE35269003532F5 /* test5.bz2 in Resources */ = {isa = PBXBuildFile; fileRef = 06CC184B1DE35269003532F5 /* test5.bz2 */; };
		06CC186C1DE35269003532F5 /* test6.bz2 in Resources */ = {isa = PBXBuildFile; fileRef = 06CC184C1DE35269003532F5 /* test6.bz2 */; };
		06CC186D1DE35269003532F5 /* test7.bz2 in Resources */ = {isa = PBXBuildFile; fileRef = 06CC184D1DE35269003532F5 /* test7.bz2 */; };
		06CC186E1DE35269003532F5 /* test1.deflate in Resources */ = {isa = PBXBuildFile; fileRef = 06CC184F1DE35269003532F5 /* test1.deflate */; };
		06CC186F1DE35269003532F5 /* test2.deflate in Resources */ = {isa = PBXBuildFile; fileRef = 06CC18501DE35269003532F5 /* test2.deflate */; };
		06CC18701DE35269003532F5 /* test3.deflate in Resources */ = {isa = PBXBuildFile; fileRef = 06CC18511DE35269003532F5 /* test3.deflate */; };
		06CC18711DE35269003532F5 /* test4.deflate in Resources */ = {isa = PBXBuildFile; fileRef = 06CC18521DE35269003532F5 /* test4.deflate */; };
		06CC18721DE35269003532F5 /* test5.deflate in Resources */ = {isa = PBXBuildFile; fileRef = 06CC18531DE35269003532F5 /* test5.deflate */; };
		06CC18731DE35269003532F5 /* test6.deflate in Resources */ = {isa = PBXBuildFile; fileRef = 06CC18541DE35269003532F5 /* test6.deflate */; };
		06CC18741DE35269003532F5 /* test7.deflate in Resources */ = {isa = PBXBuildFile; fileRef = 06CC18551DE35269003532F5 /* test7.deflate */; };
		06CC18751DE35269003532F5 /* test1.gz in Resources */ = {isa = PBXBuildFile; fileRef = 06CC18571DE35269003532F5 /* test1.gz */; };
		06CC18761DE35269003532F5 /* test2.gz in Resources */ = {isa = PBXBuildFile; fileRef = 06CC18581DE35269003532F5 /* test2.gz */; };
		06CC18771DE35269003532F5 /* test3.gz in Resources */ = {isa = PBXBuildFile; fileRef = 06CC18591DE35269003532F5 /* test3.gz */; };
		06CC18781DE35269003532F5 /* test4.gz in Resources */ = {isa = PBXBuildFile; fileRef = 06CC185A1DE35269003532F5 /* test4.gz */; };
		06CC18791DE35269003532F5 /* test5.gz in Resources */ = {isa = PBXBuildFile; fileRef = 06CC185B1DE35269003532F5 /* test5.gz */; };
		06CC187A1DE35269003532F5 /* test6.gz in Resources */ = {isa = PBXBuildFile; fileRef = 06CC185C1DE35269003532F5 /* test6.gz */; };
		06CC187B1DE35269003532F5 /* test7.gz in Resources */ = {isa = PBXBuildFile; fileRef = 06CC185D1DE35269003532F5 /* test7.gz */; };
		06CC187C1DE35269003532F5 /* performance_test1.gz in Resources */ = {isa = PBXBuildFile; fileRef = 06CC185E1DE35269003532F5 /* performance_test1.gz */; };
		06CC187D1DE35269003532F5 /* test.zlib in Resources */ = {isa = PBXBuildFile; fileRef = 06CC185F1DE35269003532F5 /* test.zlib */; };
		06CC187F1DE35607003532F5 /* DeflateTests.swift in Sources */ = {isa = PBXBuildFile; fileRef = 06CC187E1DE35607003532F5 /* DeflateTests.swift */; };
		06FED40D1DD7717E0013DFB2 /* BZip2.swift in Sources */ = {isa = PBXBuildFile; fileRef = 06FED40B1DD7717E0013DFB2 /* BZip2.swift */; };
		06FED40E1DD7717E0013DFB2 /* BZip2.swift in Sources */ = {isa = PBXBuildFile; fileRef = 06FED40B1DD7717E0013DFB2 /* BZip2.swift */; };
		06FED40F1DD7717E0013DFB2 /* BZip2.swift in Sources */ = {isa = PBXBuildFile; fileRef = 06FED40B1DD7717E0013DFB2 /* BZip2.swift */; };
/* End PBXBuildFile section */

/* Begin PBXContainerItemProxy section */
		06BE1AD31DB410F100EE0F59 /* PBXContainerItemProxy */ = {
			isa = PBXContainerItemProxy;
			containerPortal = 06BE1ABF1DB410F100EE0F59 /* Project object */;
			proxyType = 1;
			remoteGlobalIDString = 06BE1AC71DB410F100EE0F59;
			remoteInfo = SWCompression;
		};
/* End PBXContainerItemProxy section */

/* Begin PBXFileReference section */
		061FCE251DBCC4BE0052F7BE /* Deflate.swift */ = {isa = PBXFileReference; fileEncoding = 4; lastKnownFileType = sourcecode.swift; path = Deflate.swift; sourceTree = "<group>"; };
		061FCE2C1DBCC6A30052F7BE /* Constants.swift */ = {isa = PBXFileReference; fileEncoding = 4; lastKnownFileType = sourcecode.swift; path = Constants.swift; sourceTree = "<group>"; };
		063364E21DC52979007E313F /* GzipArchive.swift */ = {isa = PBXFileReference; fileEncoding = 4; lastKnownFileType = sourcecode.swift; path = GzipArchive.swift; sourceTree = "<group>"; };
		063DF1051DE1F07800F38082 /* DataWithPointer.swift */ = {isa = PBXFileReference; fileEncoding = 4; lastKnownFileType = sourcecode.swift; name = DataWithPointer.swift; path = Sources/DataWithPointer.swift; sourceTree = SOURCE_ROOT; };
		063DF1061DE1F07800F38082 /* Extensions.swift */ = {isa = PBXFileReference; fileEncoding = 4; lastKnownFileType = sourcecode.swift; name = Extensions.swift; path = Sources/Extensions.swift; sourceTree = SOURCE_ROOT; };
		063DF1071DE1F07800F38082 /* HuffmanLength.swift */ = {isa = PBXFileReference; fileEncoding = 4; lastKnownFileType = sourcecode.swift; name = HuffmanLength.swift; path = Sources/HuffmanLength.swift; sourceTree = SOURCE_ROOT; };
		063DF1081DE1F07800F38082 /* HuffmanTable.swift */ = {isa = PBXFileReference; fileEncoding = 4; lastKnownFileType = sourcecode.swift; name = HuffmanTable.swift; path = Sources/HuffmanTable.swift; sourceTree = SOURCE_ROOT; };
		063DF1091DE1F07800F38082 /* Protocols.swift */ = {isa = PBXFileReference; fileEncoding = 4; lastKnownFileType = sourcecode.swift; name = Protocols.swift; path = Sources/Protocols.swift; sourceTree = SOURCE_ROOT; };
		064492581DC606D400F10981 /* ZlibArchive.swift */ = {isa = PBXFileReference; fileEncoding = 4; lastKnownFileType = sourcecode.swift; path = ZlibArchive.swift; sourceTree = "<group>"; };
		0655693F1DC659FF00A47E66 /* SWCompression.framework */ = {isa = PBXFileReference; explicitFileType = wrapper.framework; includeInIndex = 0; path = SWCompression.framework; sourceTree = BUILT_PRODUCTS_DIR; };
		0655694C1DC65A8000A47E66 /* SWCompression.framework */ = {isa = PBXFileReference; explicitFileType = wrapper.framework; includeInIndex = 0; path = SWCompression.framework; sourceTree = BUILT_PRODUCTS_DIR; };
		065569591DC65A9400A47E66 /* SWCompression.framework */ = {isa = PBXFileReference; explicitFileType = wrapper.framework; includeInIndex = 0; path = SWCompression.framework; sourceTree = BUILT_PRODUCTS_DIR; };
		0661F06E1DC92391006C3D35 /* PerformanceTests.swift */ = {isa = PBXFileReference; fileEncoding = 4; lastKnownFileType = sourcecode.swift; path = PerformanceTests.swift; sourceTree = "<group>"; };
		0680E1B01DDA2D7C005C05EB /* ZlibTests.swift */ = {isa = PBXFileReference; fileEncoding = 4; lastKnownFileType = sourcecode.swift; path = ZlibTests.swift; sourceTree = "<group>"; };
		0680E1B21DDA3D0A005C05EB /* GzipTests.swift */ = {isa = PBXFileReference; fileEncoding = 4; lastKnownFileType = sourcecode.swift; path = GzipTests.swift; sourceTree = "<group>"; };
		0680E1B41DDA4075005C05EB /* Bzip2Tests.swift */ = {isa = PBXFileReference; fileEncoding = 4; lastKnownFileType = sourcecode.swift; path = Bzip2Tests.swift; sourceTree = "<group>"; };
		06A3933E1DE070B500182E12 /* Info-iOS.plist */ = {isa = PBXFileReference; lastKnownFileType = text.plist.xml; path = "Info-iOS.plist"; sourceTree = "<group>"; };
		06A3933F1DE070B500182E12 /* Info-tvOS.plist */ = {isa = PBXFileReference; lastKnownFileType = text.plist.xml; path = "Info-tvOS.plist"; sourceTree = "<group>"; };
		06A393401DE070B500182E12 /* Info-watchOS.plist */ = {isa = PBXFileReference; lastKnownFileType = text.plist.xml; path = "Info-watchOS.plist"; sourceTree = "<group>"; };
		06A393411DE070B500182E12 /* Info.plist */ = {isa = PBXFileReference; lastKnownFileType = text.plist.xml; path = Info.plist; sourceTree = "<group>"; };
		06A393421DE070B500182E12 /* SWCompression.h */ = {isa = PBXFileReference; lastKnownFileType = sourcecode.c.h; path = SWCompression.h; sourceTree = "<group>"; };
		06BE1AC81DB410F100EE0F59 /* SWCompression.framework */ = {isa = PBXFileReference; explicitFileType = wrapper.framework; includeInIndex = 0; path = SWCompression.framework; sourceTree = BUILT_PRODUCTS_DIR; };
		06BE1AD11DB410F100EE0F59 /* SWCompressionTests.xctest */ = {isa = PBXFileReference; explicitFileType = wrapper.cfbundle; includeInIndex = 0; path = SWCompressionTests.xctest; sourceTree = BUILT_PRODUCTS_DIR; };
		06BE1AD81DB410F100EE0F59 /* Info.plist */ = {isa = PBXFileReference; lastKnownFileType = text.plist.xml; path = Info.plist; sourceTree = "<group>"; };
		06CC183F1DE35269003532F5 /* test1.answer */ = {isa = PBXFileReference; fileEncoding = 4; lastKnownFileType = text; path = test1.answer; sourceTree = "<group>"; };
		06CC18401DE35269003532F5 /* test2.answer */ = {isa = PBXFileReference; fileEncoding = 4; lastKnownFileType = text; path = test2.answer; sourceTree = "<group>"; };
		06CC18411DE35269003532F5 /* test3.answer */ = {isa = PBXFileReference; fileEncoding = 4; lastKnownFileType = text; path = test3.answer; sourceTree = "<group>"; };
		06CC18421DE35269003532F5 /* test4.answer */ = {isa = PBXFileReference; fileEncoding = 4; lastKnownFileType = text; path = test4.answer; sourceTree = "<group>"; };
		06CC18431DE35269003532F5 /* test5.answer */ = {isa = PBXFileReference; fileEncoding = 4; lastKnownFileType = text; path = test5.answer; sourceTree = "<group>"; };
		06CC18441DE35269003532F5 /* test6.answer */ = {isa = PBXFileReference; lastKnownFileType = file; path = test6.answer; sourceTree = "<group>"; };
		06CC18451DE35269003532F5 /* test7.answer */ = {isa = PBXFileReference; lastKnownFileType = file; path = test7.answer; sourceTree = "<group>"; };
		06CC18471DE35269003532F5 /* test1.bz2 */ = {isa = PBXFileReference; lastKnownFileType = file; path = test1.bz2; sourceTree = "<group>"; };
		06CC18481DE35269003532F5 /* test2.bz2 */ = {isa = PBXFileReference; lastKnownFileType = file; path = test2.bz2; sourceTree = "<group>"; };
		06CC18491DE35269003532F5 /* test3.bz2 */ = {isa = PBXFileReference; lastKnownFileType = file; path = test3.bz2; sourceTree = "<group>"; };
		06CC184A1DE35269003532F5 /* test4.bz2 */ = {isa = PBXFileReference; lastKnownFileType = file; path = test4.bz2; sourceTree = "<group>"; };
		06CC184B1DE35269003532F5 /* test5.bz2 */ = {isa = PBXFileReference; lastKnownFileType = file; path = test5.bz2; sourceTree = "<group>"; };
		06CC184C1DE35269003532F5 /* test6.bz2 */ = {isa = PBXFileReference; lastKnownFileType = file; path = test6.bz2; sourceTree = "<group>"; };
		06CC184D1DE35269003532F5 /* test7.bz2 */ = {isa = PBXFileReference; lastKnownFileType = file; path = test7.bz2; sourceTree = "<group>"; };
		06CC184F1DE35269003532F5 /* test1.deflate */ = {isa = PBXFileReference; lastKnownFileType = file; path = test1.deflate; sourceTree = "<group>"; };
		06CC18501DE35269003532F5 /* test2.deflate */ = {isa = PBXFileReference; lastKnownFileType = file; path = test2.deflate; sourceTree = "<group>"; };
		06CC18511DE35269003532F5 /* test3.deflate */ = {isa = PBXFileReference; lastKnownFileType = file; path = test3.deflate; sourceTree = "<group>"; };
		06CC18521DE35269003532F5 /* test4.deflate */ = {isa = PBXFileReference; lastKnownFileType = file; path = test4.deflate; sourceTree = "<group>"; };
		06CC18531DE35269003532F5 /* test5.deflate */ = {isa = PBXFileReference; lastKnownFileType = file; path = test5.deflate; sourceTree = "<group>"; };
		06CC18541DE35269003532F5 /* test6.deflate */ = {isa = PBXFileReference; lastKnownFileType = file; path = test6.deflate; sourceTree = "<group>"; };
		06CC18551DE35269003532F5 /* test7.deflate */ = {isa = PBXFileReference; lastKnownFileType = file; path = test7.deflate; sourceTree = "<group>"; };
		06CC18571DE35269003532F5 /* test1.gz */ = {isa = PBXFileReference; lastKnownFileType = archive.gzip; path = test1.gz; sourceTree = "<group>"; };
		06CC18581DE35269003532F5 /* test2.gz */ = {isa = PBXFileReference; lastKnownFileType = archive.gzip; path = test2.gz; sourceTree = "<group>"; };
		06CC18591DE35269003532F5 /* test3.gz */ = {isa = PBXFileReference; lastKnownFileType = archive.gzip; path = test3.gz; sourceTree = "<group>"; };
		06CC185A1DE35269003532F5 /* test4.gz */ = {isa = PBXFileReference; lastKnownFileType = archive.gzip; path = test4.gz; sourceTree = "<group>"; };
		06CC185B1DE35269003532F5 /* test5.gz */ = {isa = PBXFileReference; lastKnownFileType = archive.gzip; path = test5.gz; sourceTree = "<group>"; };
		06CC185C1DE35269003532F5 /* test6.gz */ = {isa = PBXFileReference; lastKnownFileType = archive.gzip; path = test6.gz; sourceTree = "<group>"; };
		06CC185D1DE35269003532F5 /* test7.gz */ = {isa = PBXFileReference; lastKnownFileType = archive.gzip; path = test7.gz; sourceTree = "<group>"; };
		06CC185E1DE35269003532F5 /* performance_test1.gz */ = {isa = PBXFileReference; lastKnownFileType = archive.gzip; path = performance_test1.gz; sourceTree = "<group>"; };
		06CC185F1DE35269003532F5 /* test.zlib */ = {isa = PBXFileReference; fileEncoding = 4; lastKnownFileType = text; path = test.zlib; sourceTree = "<group>"; };
		06CC187E1DE35607003532F5 /* DeflateTests.swift */ = {isa = PBXFileReference; fileEncoding = 4; lastKnownFileType = sourcecode.swift; path = DeflateTests.swift; sourceTree = "<group>"; };
		06FED40B1DD7717E0013DFB2 /* BZip2.swift */ = {isa = PBXFileReference; fileEncoding = 4; lastKnownFileType = sourcecode.swift; path = BZip2.swift; sourceTree = "<group>"; };
/* End PBXFileReference section */

/* Begin PBXFrameworksBuildPhase section */
		0655693B1DC659FF00A47E66 /* Frameworks */ = {
			isa = PBXFrameworksBuildPhase;
			buildActionMask = 2147483647;
			files = (
			);
			runOnlyForDeploymentPostprocessing = 0;
		};
		065569481DC65A8000A47E66 /* Frameworks */ = {
			isa = PBXFrameworksBuildPhase;
			buildActionMask = 2147483647;
			files = (
			);
			runOnlyForDeploymentPostprocessing = 0;
		};
		065569551DC65A9400A47E66 /* Frameworks */ = {
			isa = PBXFrameworksBuildPhase;
			buildActionMask = 2147483647;
			files = (
			);
			runOnlyForDeploymentPostprocessing = 0;
		};
		06BE1AC41DB410F100EE0F59 /* Frameworks */ = {
			isa = PBXFrameworksBuildPhase;
			buildActionMask = 2147483647;
			files = (
			);
			runOnlyForDeploymentPostprocessing = 0;
		};
		06BE1ACE1DB410F100EE0F59 /* Frameworks */ = {
			isa = PBXFrameworksBuildPhase;
			buildActionMask = 2147483647;
			files = (
				06BE1AD21DB410F100EE0F59 /* SWCompression.framework in Frameworks */,
			);
			runOnlyForDeploymentPostprocessing = 0;
		};
/* End PBXFrameworksBuildPhase section */

/* Begin PBXGroup section */
		06A3931F1DE06FFE00182E12 /* Common */ = {
			isa = PBXGroup;
			children = (
				063DF1051DE1F07800F38082 /* DataWithPointer.swift */,
				063DF1061DE1F07800F38082 /* Extensions.swift */,
				063DF1071DE1F07800F38082 /* HuffmanLength.swift */,
				063DF1081DE1F07800F38082 /* HuffmanTable.swift */,
				063DF1091DE1F07800F38082 /* Protocols.swift */,
			);
			path = Common;
			sourceTree = "<group>";
		};
		06A3933D1DE070B500182E12 /* Service */ = {
			isa = PBXGroup;
			children = (
				06A3933E1DE070B500182E12 /* Info-iOS.plist */,
				06A3933F1DE070B500182E12 /* Info-tvOS.plist */,
				06A393401DE070B500182E12 /* Info-watchOS.plist */,
				06A393411DE070B500182E12 /* Info.plist */,
				06A393421DE070B500182E12 /* SWCompression.h */,
			);
			path = Service;
			sourceTree = "<group>";
		};
		06BE1ABE1DB410F100EE0F59 = {
			isa = PBXGroup;
			children = (
				06BE1ACA1DB410F100EE0F59 /* Sources */,
				06BE1AD51DB410F100EE0F59 /* Tests */,
				06BE1AC91DB410F100EE0F59 /* Products */,
			);
			sourceTree = "<group>";
		};
		06BE1AC91DB410F100EE0F59 /* Products */ = {
			isa = PBXGroup;
			children = (
				06BE1AC81DB410F100EE0F59 /* SWCompression.framework */,
				06BE1AD11DB410F100EE0F59 /* SWCompressionTests.xctest */,
				0655693F1DC659FF00A47E66 /* SWCompression.framework */,
				0655694C1DC65A8000A47E66 /* SWCompression.framework */,
				065569591DC65A9400A47E66 /* SWCompression.framework */,
			);
			name = Products;
			sourceTree = "<group>";
		};
		06BE1ACA1DB410F100EE0F59 /* Sources */ = {
			isa = PBXGroup;
			children = (
				06A3931F1DE06FFE00182E12 /* Common */,
				063364E21DC52979007E313F /* GzipArchive.swift */,
				064492581DC606D400F10981 /* ZlibArchive.swift */,
				061FCE251DBCC4BE0052F7BE /* Deflate.swift */,
				06FED40B1DD7717E0013DFB2 /* BZip2.swift */,
				06A3933D1DE070B500182E12 /* Service */,
			);
			path = Sources;
			sourceTree = "<group>";
		};
		06BE1AD51DB410F100EE0F59 /* Tests */ = {
			isa = PBXGroup;
			children = (
				06CC183D1DE35269003532F5 /* Test Files */,
				0680E1B41DDA4075005C05EB /* Bzip2Tests.swift */,
				06CC187E1DE35607003532F5 /* DeflateTests.swift */,
				0680E1B21DDA3D0A005C05EB /* GzipTests.swift */,
				0680E1B01DDA2D7C005C05EB /* ZlibTests.swift */,
				061FCE2C1DBCC6A30052F7BE /* Constants.swift */,
				0661F06E1DC92391006C3D35 /* PerformanceTests.swift */,
				06BE1AD81DB410F100EE0F59 /* Info.plist */,
			);
			path = Tests;
			sourceTree = "<group>";
		};
		06CC183D1DE35269003532F5 /* Test Files */ = {
			isa = PBXGroup;
			children = (
				06CC183E1DE35269003532F5 /* Answers */,
				06CC18461DE35269003532F5 /* BZip2 */,
				06CC184E1DE35269003532F5 /* Deflate */,
				06CC18561DE35269003532F5 /* GZip */,
				06CC185E1DE35269003532F5 /* performance_test1.gz */,
				06CC185F1DE35269003532F5 /* test.zlib */,
			);
			path = "Test Files";
			sourceTree = "<group>";
		};
		06CC183E1DE35269003532F5 /* Answers */ = {
			isa = PBXGroup;
			children = (
				06CC183F1DE35269003532F5 /* test1.answer */,
				06CC18401DE35269003532F5 /* test2.answer */,
				06CC18411DE35269003532F5 /* test3.answer */,
				06CC18421DE35269003532F5 /* test4.answer */,
				06CC18431DE35269003532F5 /* test5.answer */,
				06CC18441DE35269003532F5 /* test6.answer */,
				06CC18451DE35269003532F5 /* test7.answer */,
			);
			path = Answers;
			sourceTree = "<group>";
		};
		06CC18461DE35269003532F5 /* BZip2 */ = {
			isa = PBXGroup;
			children = (
				06CC18471DE35269003532F5 /* test1.bz2 */,
				06CC18481DE35269003532F5 /* test2.bz2 */,
				06CC18491DE35269003532F5 /* test3.bz2 */,
				06CC184A1DE35269003532F5 /* test4.bz2 */,
				06CC184B1DE35269003532F5 /* test5.bz2 */,
				06CC184C1DE35269003532F5 /* test6.bz2 */,
				06CC184D1DE35269003532F5 /* test7.bz2 */,
			);
			path = BZip2;
			sourceTree = "<group>";
		};
		06CC184E1DE35269003532F5 /* Deflate */ = {
			isa = PBXGroup;
			children = (
				06CC184F1DE35269003532F5 /* test1.deflate */,
				06CC18501DE35269003532F5 /* test2.deflate */,
				06CC18511DE35269003532F5 /* test3.deflate */,
				06CC18521DE35269003532F5 /* test4.deflate */,
				06CC18531DE35269003532F5 /* test5.deflate */,
				06CC18541DE35269003532F5 /* test6.deflate */,
				06CC18551DE35269003532F5 /* test7.deflate */,
			);
			path = Deflate;
			sourceTree = "<group>";
		};
		06CC18561DE35269003532F5 /* GZip */ = {
			isa = PBXGroup;
			children = (
				06CC18571DE35269003532F5 /* test1.gz */,
				06CC18581DE35269003532F5 /* test2.gz */,
				06CC18591DE35269003532F5 /* test3.gz */,
				06CC185A1DE35269003532F5 /* test4.gz */,
				06CC185B1DE35269003532F5 /* test5.gz */,
				06CC185C1DE35269003532F5 /* test6.gz */,
				06CC185D1DE35269003532F5 /* test7.gz */,
			);
			path = GZip;
			sourceTree = "<group>";
		};
/* End PBXGroup section */

/* Begin PBXHeadersBuildPhase section */
		0655693C1DC659FF00A47E66 /* Headers */ = {
			isa = PBXHeadersBuildPhase;
			buildActionMask = 2147483647;
			files = (
				06A393441DE0713300182E12 /* SWCompression.h in Headers */,
			);
			runOnlyForDeploymentPostprocessing = 0;
		};
		065569491DC65A8000A47E66 /* Headers */ = {
			isa = PBXHeadersBuildPhase;
			buildActionMask = 2147483647;
			files = (
				06A393451DE0713A00182E12 /* SWCompression.h in Headers */,
			);
			runOnlyForDeploymentPostprocessing = 0;
		};
		065569561DC65A9400A47E66 /* Headers */ = {
			isa = PBXHeadersBuildPhase;
			buildActionMask = 2147483647;
			files = (
				06A393461DE0714000182E12 /* SWCompression.h in Headers */,
			);
			runOnlyForDeploymentPostprocessing = 0;
		};
		06BE1AC51DB410F100EE0F59 /* Headers */ = {
			isa = PBXHeadersBuildPhase;
			buildActionMask = 2147483647;
			files = (
				06A393431DE0710500182E12 /* SWCompression.h in Headers */,
			);
			runOnlyForDeploymentPostprocessing = 0;
		};
/* End PBXHeadersBuildPhase section */

/* Begin PBXNativeTarget section */
		0655693E1DC659FF00A47E66 /* SWCompression iOS */ = {
			isa = PBXNativeTarget;
			buildConfigurationList = 065569461DC659FF00A47E66 /* Build configuration list for PBXNativeTarget "SWCompression iOS" */;
			buildPhases = (
				0655693A1DC659FF00A47E66 /* Sources */,
				0655693B1DC659FF00A47E66 /* Frameworks */,
				0655693C1DC659FF00A47E66 /* Headers */,
				0655693D1DC659FF00A47E66 /* Resources */,
			);
			buildRules = (
			);
			dependencies = (
			);
			name = "SWCompression iOS";
			productName = "SWCompression iOS";
			productReference = 0655693F1DC659FF00A47E66 /* SWCompression.framework */;
			productType = "com.apple.product-type.framework";
		};
		0655694B1DC65A8000A47E66 /* SWCompression watchOS */ = {
			isa = PBXNativeTarget;
			buildConfigurationList = 065569511DC65A8000A47E66 /* Build configuration list for PBXNativeTarget "SWCompression watchOS" */;
			buildPhases = (
				065569471DC65A8000A47E66 /* Sources */,
				065569481DC65A8000A47E66 /* Frameworks */,
				065569491DC65A8000A47E66 /* Headers */,
				0655694A1DC65A8000A47E66 /* Resources */,
			);
			buildRules = (
			);
			dependencies = (
			);
			name = "SWCompression watchOS";
			productName = "SWCompression watchOS";
			productReference = 0655694C1DC65A8000A47E66 /* SWCompression.framework */;
			productType = "com.apple.product-type.framework";
		};
		065569581DC65A9400A47E66 /* SWCompression tvOS */ = {
			isa = PBXNativeTarget;
			buildConfigurationList = 0655695E1DC65A9500A47E66 /* Build configuration list for PBXNativeTarget "SWCompression tvOS" */;
			buildPhases = (
				065569541DC65A9400A47E66 /* Sources */,
				065569551DC65A9400A47E66 /* Frameworks */,
				065569561DC65A9400A47E66 /* Headers */,
				065569571DC65A9400A47E66 /* Resources */,
			);
			buildRules = (
			);
			dependencies = (
			);
			name = "SWCompression tvOS";
			productName = "SWCompression tvOS";
			productReference = 065569591DC65A9400A47E66 /* SWCompression.framework */;
			productType = "com.apple.product-type.framework";
		};
		06BE1AC71DB410F100EE0F59 /* SWCompression */ = {
			isa = PBXNativeTarget;
			buildConfigurationList = 06BE1ADC1DB410F100EE0F59 /* Build configuration list for PBXNativeTarget "SWCompression" */;
			buildPhases = (
				06BE1AC31DB410F100EE0F59 /* Sources */,
				06BE1AC41DB410F100EE0F59 /* Frameworks */,
				06BE1AC51DB410F100EE0F59 /* Headers */,
				06BE1AC61DB410F100EE0F59 /* Resources */,
			);
			buildRules = (
			);
			dependencies = (
			);
			name = SWCompression;
			productName = SWCompression;
			productReference = 06BE1AC81DB410F100EE0F59 /* SWCompression.framework */;
			productType = "com.apple.product-type.framework";
		};
		06BE1AD01DB410F100EE0F59 /* SWCompressionTests */ = {
			isa = PBXNativeTarget;
			buildConfigurationList = 06BE1ADF1DB410F100EE0F59 /* Build configuration list for PBXNativeTarget "SWCompressionTests" */;
			buildPhases = (
				06BE1ACD1DB410F100EE0F59 /* Sources */,
				06BE1ACE1DB410F100EE0F59 /* Frameworks */,
				06BE1ACF1DB410F100EE0F59 /* Resources */,
			);
			buildRules = (
			);
			dependencies = (
				06BE1AD41DB410F100EE0F59 /* PBXTargetDependency */,
			);
			name = SWCompressionTests;
			productName = SWCompressionTests;
			productReference = 06BE1AD11DB410F100EE0F59 /* SWCompressionTests.xctest */;
			productType = "com.apple.product-type.bundle.unit-test";
		};
/* End PBXNativeTarget section */

/* Begin PBXProject section */
		06BE1ABF1DB410F100EE0F59 /* Project object */ = {
			isa = PBXProject;
			attributes = {
				LastSwiftUpdateCheck = 0800;
				LastUpgradeCheck = 0810;
				ORGANIZATIONNAME = tsolomko;
				TargetAttributes = {
					0655693E1DC659FF00A47E66 = {
						CreatedOnToolsVersion = 8.1;
						DevelopmentTeam = 9KL2W72SQF;
						ProvisioningStyle = Automatic;
					};
					0655694B1DC65A8000A47E66 = {
						CreatedOnToolsVersion = 8.1;
						DevelopmentTeam = 9KL2W72SQF;
						ProvisioningStyle = Automatic;
					};
					065569581DC65A9400A47E66 = {
						CreatedOnToolsVersion = 8.1;
						DevelopmentTeam = 9KL2W72SQF;
						ProvisioningStyle = Automatic;
					};
					06BE1AC71DB410F100EE0F59 = {
						CreatedOnToolsVersion = 8.0;
						DevelopmentTeam = 9KL2W72SQF;
						LastSwiftMigration = 0800;
						ProvisioningStyle = Automatic;
					};
					06BE1AD01DB410F100EE0F59 = {
						CreatedOnToolsVersion = 8.0;
						DevelopmentTeam = 9KL2W72SQF;
						ProvisioningStyle = Automatic;
					};
				};
			};
			buildConfigurationList = 06BE1AC21DB410F100EE0F59 /* Build configuration list for PBXProject "SWCompression" */;
			compatibilityVersion = "Xcode 3.2";
			developmentRegion = English;
			hasScannedForEncodings = 0;
			knownRegions = (
				en,
			);
			mainGroup = 06BE1ABE1DB410F100EE0F59;
			productRefGroup = 06BE1AC91DB410F100EE0F59 /* Products */;
			projectDirPath = "";
			projectRoot = "";
			targets = (
				06BE1AC71DB410F100EE0F59 /* SWCompression */,
				06BE1AD01DB410F100EE0F59 /* SWCompressionTests */,
				0655693E1DC659FF00A47E66 /* SWCompression iOS */,
				0655694B1DC65A8000A47E66 /* SWCompression watchOS */,
				065569581DC65A9400A47E66 /* SWCompression tvOS */,
			);
		};
/* End PBXProject section */

/* Begin PBXResourcesBuildPhase section */
		0655693D1DC659FF00A47E66 /* Resources */ = {
			isa = PBXResourcesBuildPhase;
			buildActionMask = 2147483647;
			files = (
			);
			runOnlyForDeploymentPostprocessing = 0;
		};
		0655694A1DC65A8000A47E66 /* Resources */ = {
			isa = PBXResourcesBuildPhase;
			buildActionMask = 2147483647;
			files = (
			);
			runOnlyForDeploymentPostprocessing = 0;
		};
		065569571DC65A9400A47E66 /* Resources */ = {
			isa = PBXResourcesBuildPhase;
			buildActionMask = 2147483647;
			files = (
			);
			runOnlyForDeploymentPostprocessing = 0;
		};
		06BE1AC61DB410F100EE0F59 /* Resources */ = {
			isa = PBXResourcesBuildPhase;
			buildActionMask = 2147483647;
			files = (
			);
			runOnlyForDeploymentPostprocessing = 0;
		};
		06BE1ACF1DB410F100EE0F59 /* Resources */ = {
			isa = PBXResourcesBuildPhase;
			buildActionMask = 2147483647;
			files = (
				06CC18711DE35269003532F5 /* test4.deflate in Resources */,
				06CC18621DE35269003532F5 /* test3.answer in Resources */,
				06CC187A1DE35269003532F5 /* test6.gz in Resources */,
				06CC18771DE35269003532F5 /* test3.gz in Resources */,
				06CC18731DE35269003532F5 /* test6.deflate in Resources */,
				06CC18781DE35269003532F5 /* test4.gz in Resources */,
				06CC187B1DE35269003532F5 /* test7.gz in Resources */,
				06CC18611DE35269003532F5 /* test2.answer in Resources */,
				06CC18701DE35269003532F5 /* test3.deflate in Resources */,
				06CC186F1DE35269003532F5 /* test2.deflate in Resources */,
				06CC186C1DE35269003532F5 /* test6.bz2 in Resources */,
				06CC186B1DE35269003532F5 /* test5.bz2 in Resources */,
				06CC18651DE35269003532F5 /* test6.answer in Resources */,
				06CC18631DE35269003532F5 /* test4.answer in Resources */,
				06CC18761DE35269003532F5 /* test2.gz in Resources */,
				06CC18721DE35269003532F5 /* test5.deflate in Resources */,
				06CC186E1DE35269003532F5 /* test1.deflate in Resources */,
				06CC186A1DE35269003532F5 /* test4.bz2 in Resources */,
				06CC18741DE35269003532F5 /* test7.deflate in Resources */,
				06CC18691DE35269003532F5 /* test3.bz2 in Resources */,
				06CC187D1DE35269003532F5 /* test.zlib in Resources */,
				06CC186D1DE35269003532F5 /* test7.bz2 in Resources */,
				06CC18751DE35269003532F5 /* test1.gz in Resources */,
				06CC187C1DE35269003532F5 /* performance_test1.gz in Resources */,
				06CC18601DE35269003532F5 /* test1.answer in Resources */,
				06CC18641DE35269003532F5 /* test5.answer in Resources */,
				06CC18671DE35269003532F5 /* test1.bz2 in Resources */,
				06CC18661DE35269003532F5 /* test7.answer in Resources */,
				06CC18791DE35269003532F5 /* test5.gz in Resources */,
				06CC18681DE35269003532F5 /* test2.bz2 in Resources */,
			);
			runOnlyForDeploymentPostprocessing = 0;
		};
/* End PBXResourcesBuildPhase section */

/* Begin PBXSourcesBuildPhase section */
		0655693A1DC659FF00A47E66 /* Sources */ = {
			isa = PBXSourcesBuildPhase;
			buildActionMask = 2147483647;
			files = (
				065569691DC65C2A00A47E66 /* ZlibArchive.swift in Sources */,
				063DF10E1DE1F07800F38082 /* Extensions.swift in Sources */,
				063DF1141DE1F07800F38082 /* HuffmanTable.swift in Sources */,
				063DF1171DE1F07800F38082 /* Protocols.swift in Sources */,
				0655696A1DC65C2A00A47E66 /* Deflate.swift in Sources */,
				06FED40D1DD7717E0013DFB2 /* BZip2.swift in Sources */,
				063DF1111DE1F07800F38082 /* HuffmanLength.swift in Sources */,
				065569681DC65C2A00A47E66 /* GzipArchive.swift in Sources */,
				063DF10B1DE1F07800F38082 /* DataWithPointer.swift in Sources */,
			);
			runOnlyForDeploymentPostprocessing = 0;
		};
		065569471DC65A8000A47E66 /* Sources */ = {
			isa = PBXSourcesBuildPhase;
			buildActionMask = 2147483647;
			files = (
				063DF1191DE1F2E200F38082 /* DataWithPointer.swift in Sources */,
				063DF11A1DE1F2E200F38082 /* Extensions.swift in Sources */,
				063DF11B1DE1F2E200F38082 /* HuffmanLength.swift in Sources */,
				063DF11C1DE1F2E200F38082 /* HuffmanTable.swift in Sources */,
				063DF11D1DE1F2E200F38082 /* Protocols.swift in Sources */,
				065569701DC65C2B00A47E66 /* ZlibArchive.swift in Sources */,
				065569711DC65C2B00A47E66 /* Deflate.swift in Sources */,
				06FED40E1DD7717E0013DFB2 /* BZip2.swift in Sources */,
				0655696F1DC65C2B00A47E66 /* GzipArchive.swift in Sources */,
			);
			runOnlyForDeploymentPostprocessing = 0;
		};
		065569541DC65A9400A47E66 /* Sources */ = {
			isa = PBXSourcesBuildPhase;
			buildActionMask = 2147483647;
			files = (
				065569771DC65C2B00A47E66 /* ZlibArchive.swift in Sources */,
				063DF10F1DE1F07800F38082 /* Extensions.swift in Sources */,
				063DF1151DE1F07800F38082 /* HuffmanTable.swift in Sources */,
				063DF1181DE1F07800F38082 /* Protocols.swift in Sources */,
				065569781DC65C2B00A47E66 /* Deflate.swift in Sources */,
				06FED40F1DD7717E0013DFB2 /* BZip2.swift in Sources */,
				063DF1121DE1F07800F38082 /* HuffmanLength.swift in Sources */,
				065569761DC65C2B00A47E66 /* GzipArchive.swift in Sources */,
				063DF10C1DE1F07800F38082 /* DataWithPointer.swift in Sources */,
			);
			runOnlyForDeploymentPostprocessing = 0;
		};
		06BE1AC31DB410F100EE0F59 /* Sources */ = {
			isa = PBXSourcesBuildPhase;
			buildActionMask = 2147483647;
			files = (
				06A393391DE0709300182E12 /* GzipArchive.swift in Sources */,
				063DF10D1DE1F07800F38082 /* Extensions.swift in Sources */,
				063DF1131DE1F07800F38082 /* HuffmanTable.swift in Sources */,
				063DF1161DE1F07800F38082 /* Protocols.swift in Sources */,
				06A3933A1DE0709300182E12 /* ZlibArchive.swift in Sources */,
				06A3933B1DE0709300182E12 /* Deflate.swift in Sources */,
				063DF1101DE1F07800F38082 /* HuffmanLength.swift in Sources */,
				06A3933C1DE0709300182E12 /* BZip2.swift in Sources */,
				063DF10A1DE1F07800F38082 /* DataWithPointer.swift in Sources */,
			);
			runOnlyForDeploymentPostprocessing = 0;
		};
		06BE1ACD1DB410F100EE0F59 /* Sources */ = {
			isa = PBXSourcesBuildPhase;
			buildActionMask = 2147483647;
			files = (
				0680E1B51DDA4076005C05EB /* Bzip2Tests.swift in Sources */,
				06CC187F1DE35607003532F5 /* DeflateTests.swift in Sources */,
				061FCE2D1DBCC6A30052F7BE /* Constants.swift in Sources */,
				0680E1B11DDA2D7C005C05EB /* ZlibTests.swift in Sources */,
				0680E1B31DDA3D0A005C05EB /* GzipTests.swift in Sources */,
				0661F06F1DC92391006C3D35 /* PerformanceTests.swift in Sources */,
			);
			runOnlyForDeploymentPostprocessing = 0;
		};
/* End PBXSourcesBuildPhase section */

/* Begin PBXTargetDependency section */
		06BE1AD41DB410F100EE0F59 /* PBXTargetDependency */ = {
			isa = PBXTargetDependency;
			target = 06BE1AC71DB410F100EE0F59 /* SWCompression */;
			targetProxy = 06BE1AD31DB410F100EE0F59 /* PBXContainerItemProxy */;
		};
/* End PBXTargetDependency section */

/* Begin XCBuildConfiguration section */
		065569441DC659FF00A47E66 /* Debug */ = {
			isa = XCBuildConfiguration;
			buildSettings = {
				APPLICATION_EXTENSION_API_ONLY = YES;
				CODE_SIGN_IDENTITY = "";
				"CODE_SIGN_IDENTITY[sdk=iphoneos*]" = "iPhone Developer";
				DEFINES_MODULE = YES;
				DEVELOPMENT_TEAM = 9KL2W72SQF;
				DYLIB_COMPATIBILITY_VERSION = 1;
				DYLIB_CURRENT_VERSION = 1;
				DYLIB_INSTALL_NAME_BASE = "@rpath";
				INFOPLIST_FILE = "$(SRCROOT)/Sources/Service/Info-iOS.plist";
				INSTALL_PATH = "$(LOCAL_LIBRARY_DIR)/Frameworks";
				IPHONEOS_DEPLOYMENT_TARGET = 10.1;
				LD_RUNPATH_SEARCH_PATHS = "$(inherited) @executable_path/Frameworks @loader_path/Frameworks";
				PRODUCT_BUNDLE_IDENTIFIER = me.tsolomko.SWCompression;
				PRODUCT_NAME = SWCompression;
				SDKROOT = iphoneos;
				SKIP_INSTALL = YES;
				SWIFT_VERSION = 3.0;
				TARGETED_DEVICE_FAMILY = "1,2";
			};
			name = Debug;
		};
		065569451DC659FF00A47E66 /* Release */ = {
			isa = XCBuildConfiguration;
			buildSettings = {
				APPLICATION_EXTENSION_API_ONLY = YES;
				CODE_SIGN_IDENTITY = "";
				"CODE_SIGN_IDENTITY[sdk=iphoneos*]" = "iPhone Developer";
				DEFINES_MODULE = YES;
				DEVELOPMENT_TEAM = 9KL2W72SQF;
				DYLIB_COMPATIBILITY_VERSION = 1;
				DYLIB_CURRENT_VERSION = 1;
				DYLIB_INSTALL_NAME_BASE = "@rpath";
				INFOPLIST_FILE = "$(SRCROOT)/Sources/Service/Info-iOS.plist";
				INSTALL_PATH = "$(LOCAL_LIBRARY_DIR)/Frameworks";
				IPHONEOS_DEPLOYMENT_TARGET = 10.1;
				LD_RUNPATH_SEARCH_PATHS = "$(inherited) @executable_path/Frameworks @loader_path/Frameworks";
				PRODUCT_BUNDLE_IDENTIFIER = me.tsolomko.SWCompression;
				PRODUCT_NAME = SWCompression;
				SDKROOT = iphoneos;
				SKIP_INSTALL = YES;
				SWIFT_VERSION = 3.0;
				TARGETED_DEVICE_FAMILY = "1,2";
				VALIDATE_PRODUCT = YES;
			};
			name = Release;
		};
		065569521DC65A8000A47E66 /* Debug */ = {
			isa = XCBuildConfiguration;
			buildSettings = {
				APPLICATION_EXTENSION_API_ONLY = YES;
				CODE_SIGN_IDENTITY = "";
				DEFINES_MODULE = YES;
				DEVELOPMENT_TEAM = 9KL2W72SQF;
				DYLIB_COMPATIBILITY_VERSION = 1;
				DYLIB_CURRENT_VERSION = 1;
				DYLIB_INSTALL_NAME_BASE = "@rpath";
				INFOPLIST_FILE = "$(SRCROOT)/Sources/Service/Info-watchOS.plist";
				INSTALL_PATH = "$(LOCAL_LIBRARY_DIR)/Frameworks";
				LD_RUNPATH_SEARCH_PATHS = "$(inherited) @executable_path/Frameworks @loader_path/Frameworks";
				PRODUCT_BUNDLE_IDENTIFIER = me.tsolomko.SWCompression;
				PRODUCT_NAME = SWCompression;
				SDKROOT = watchos;
				SKIP_INSTALL = YES;
				SWIFT_VERSION = 3.0;
				TARGETED_DEVICE_FAMILY = 4;
				WATCHOS_DEPLOYMENT_TARGET = 3.1;
			};
			name = Debug;
		};
		065569531DC65A8000A47E66 /* Release */ = {
			isa = XCBuildConfiguration;
			buildSettings = {
				APPLICATION_EXTENSION_API_ONLY = YES;
				CODE_SIGN_IDENTITY = "";
				DEFINES_MODULE = YES;
				DEVELOPMENT_TEAM = 9KL2W72SQF;
				DYLIB_COMPATIBILITY_VERSION = 1;
				DYLIB_CURRENT_VERSION = 1;
				DYLIB_INSTALL_NAME_BASE = "@rpath";
				INFOPLIST_FILE = "$(SRCROOT)/Sources/Service/Info-watchOS.plist";
				INSTALL_PATH = "$(LOCAL_LIBRARY_DIR)/Frameworks";
				LD_RUNPATH_SEARCH_PATHS = "$(inherited) @executable_path/Frameworks @loader_path/Frameworks";
				PRODUCT_BUNDLE_IDENTIFIER = me.tsolomko.SWCompression;
				PRODUCT_NAME = SWCompression;
				SDKROOT = watchos;
				SKIP_INSTALL = YES;
				SWIFT_VERSION = 3.0;
				TARGETED_DEVICE_FAMILY = 4;
				VALIDATE_PRODUCT = YES;
				WATCHOS_DEPLOYMENT_TARGET = 3.1;
			};
			name = Release;
		};
		0655695F1DC65A9500A47E66 /* Debug */ = {
			isa = XCBuildConfiguration;
			buildSettings = {
				APPLICATION_EXTENSION_API_ONLY = YES;
				CODE_SIGN_IDENTITY = "";
				DEFINES_MODULE = YES;
				DEVELOPMENT_TEAM = 9KL2W72SQF;
				DYLIB_COMPATIBILITY_VERSION = 1;
				DYLIB_CURRENT_VERSION = 1;
				DYLIB_INSTALL_NAME_BASE = "@rpath";
				INFOPLIST_FILE = "$(SRCROOT)/Sources/Service/Info-tvOS.plist";
				INSTALL_PATH = "$(LOCAL_LIBRARY_DIR)/Frameworks";
				LD_RUNPATH_SEARCH_PATHS = "$(inherited) @executable_path/Frameworks @loader_path/Frameworks";
				PRODUCT_BUNDLE_IDENTIFIER = me.tsolomko.SWCompression;
				PRODUCT_NAME = SWCompression;
				SDKROOT = appletvos;
				SKIP_INSTALL = YES;
				SWIFT_VERSION = 3.0;
				TARGETED_DEVICE_FAMILY = 3;
				TVOS_DEPLOYMENT_TARGET = 10.0;
			};
			name = Debug;
		};
		065569601DC65A9500A47E66 /* Release */ = {
			isa = XCBuildConfiguration;
			buildSettings = {
				APPLICATION_EXTENSION_API_ONLY = YES;
				CODE_SIGN_IDENTITY = "";
				DEFINES_MODULE = YES;
				DEVELOPMENT_TEAM = 9KL2W72SQF;
				DYLIB_COMPATIBILITY_VERSION = 1;
				DYLIB_CURRENT_VERSION = 1;
				DYLIB_INSTALL_NAME_BASE = "@rpath";
				INFOPLIST_FILE = "$(SRCROOT)/Sources/Service/Info-tvOS.plist";
				INSTALL_PATH = "$(LOCAL_LIBRARY_DIR)/Frameworks";
				LD_RUNPATH_SEARCH_PATHS = "$(inherited) @executable_path/Frameworks @loader_path/Frameworks";
				PRODUCT_BUNDLE_IDENTIFIER = me.tsolomko.SWCompression;
				PRODUCT_NAME = SWCompression;
				SDKROOT = appletvos;
				SKIP_INSTALL = YES;
				SWIFT_VERSION = 3.0;
				TARGETED_DEVICE_FAMILY = 3;
				TVOS_DEPLOYMENT_TARGET = 10.0;
				VALIDATE_PRODUCT = YES;
			};
			name = Release;
		};
		06BE1ADA1DB410F100EE0F59 /* Debug */ = {
			isa = XCBuildConfiguration;
			buildSettings = {
				ALWAYS_SEARCH_USER_PATHS = NO;
				CLANG_ANALYZER_NONNULL = YES;
				CLANG_CXX_LANGUAGE_STANDARD = "gnu++0x";
				CLANG_CXX_LIBRARY = "libc++";
				CLANG_ENABLE_MODULES = YES;
				CLANG_ENABLE_OBJC_ARC = YES;
				CLANG_WARN_BOOL_CONVERSION = YES;
				CLANG_WARN_CONSTANT_CONVERSION = YES;
				CLANG_WARN_DIRECT_OBJC_ISA_USAGE = YES_ERROR;
				CLANG_WARN_DOCUMENTATION_COMMENTS = YES;
				CLANG_WARN_EMPTY_BODY = YES;
				CLANG_WARN_ENUM_CONVERSION = YES;
				CLANG_WARN_INFINITE_RECURSION = YES;
				CLANG_WARN_INT_CONVERSION = YES;
				CLANG_WARN_OBJC_ROOT_CLASS = YES_ERROR;
				CLANG_WARN_SUSPICIOUS_MOVE = YES;
				CLANG_WARN_SUSPICIOUS_MOVES = YES;
				CLANG_WARN_UNREACHABLE_CODE = YES;
				CLANG_WARN__DUPLICATE_METHOD_MATCH = YES;
				CODE_SIGN_IDENTITY = "-";
				COPY_PHASE_STRIP = NO;
				CURRENT_PROJECT_VERSION = 1;
				DEBUG_INFORMATION_FORMAT = dwarf;
				ENABLE_STRICT_OBJC_MSGSEND = YES;
				ENABLE_TESTABILITY = YES;
				GCC_C_LANGUAGE_STANDARD = gnu99;
				GCC_DYNAMIC_NO_PIC = NO;
				GCC_NO_COMMON_BLOCKS = YES;
				GCC_OPTIMIZATION_LEVEL = 0;
				GCC_PREPROCESSOR_DEFINITIONS = (
					"DEBUG=1",
					"$(inherited)",
				);
				GCC_WARN_64_TO_32_BIT_CONVERSION = YES;
				GCC_WARN_ABOUT_RETURN_TYPE = YES_ERROR;
				GCC_WARN_UNDECLARED_SELECTOR = YES;
				GCC_WARN_UNINITIALIZED_AUTOS = YES_AGGRESSIVE;
				GCC_WARN_UNUSED_FUNCTION = YES;
				GCC_WARN_UNUSED_VARIABLE = YES;
				MACOSX_DEPLOYMENT_TARGET = 10.12;
				MTL_ENABLE_DEBUG_INFO = YES;
				ONLY_ACTIVE_ARCH = YES;
				SDKROOT = macosx;
				SWIFT_ACTIVE_COMPILATION_CONDITIONS = DEBUG;
				SWIFT_OPTIMIZATION_LEVEL = "-Onone";
				VERSIONING_SYSTEM = "apple-generic";
				VERSION_INFO_PREFIX = "";
			};
			name = Debug;
		};
		06BE1ADB1DB410F100EE0F59 /* Release */ = {
			isa = XCBuildConfiguration;
			buildSettings = {
				ALWAYS_SEARCH_USER_PATHS = NO;
				CLANG_ANALYZER_NONNULL = YES;
				CLANG_CXX_LANGUAGE_STANDARD = "gnu++0x";
				CLANG_CXX_LIBRARY = "libc++";
				CLANG_ENABLE_MODULES = YES;
				CLANG_ENABLE_OBJC_ARC = YES;
				CLANG_WARN_BOOL_CONVERSION = YES;
				CLANG_WARN_CONSTANT_CONVERSION = YES;
				CLANG_WARN_DIRECT_OBJC_ISA_USAGE = YES_ERROR;
				CLANG_WARN_DOCUMENTATION_COMMENTS = YES;
				CLANG_WARN_EMPTY_BODY = YES;
				CLANG_WARN_ENUM_CONVERSION = YES;
				CLANG_WARN_INFINITE_RECURSION = YES;
				CLANG_WARN_INT_CONVERSION = YES;
				CLANG_WARN_OBJC_ROOT_CLASS = YES_ERROR;
				CLANG_WARN_SUSPICIOUS_MOVE = YES;
				CLANG_WARN_SUSPICIOUS_MOVES = YES;
				CLANG_WARN_UNREACHABLE_CODE = YES;
				CLANG_WARN__DUPLICATE_METHOD_MATCH = YES;
				CODE_SIGN_IDENTITY = "-";
				COPY_PHASE_STRIP = NO;
				CURRENT_PROJECT_VERSION = 1;
				DEBUG_INFORMATION_FORMAT = "dwarf-with-dsym";
				ENABLE_NS_ASSERTIONS = NO;
				ENABLE_STRICT_OBJC_MSGSEND = YES;
				GCC_C_LANGUAGE_STANDARD = gnu99;
				GCC_NO_COMMON_BLOCKS = YES;
				GCC_WARN_64_TO_32_BIT_CONVERSION = YES;
				GCC_WARN_ABOUT_RETURN_TYPE = YES_ERROR;
				GCC_WARN_UNDECLARED_SELECTOR = YES;
				GCC_WARN_UNINITIALIZED_AUTOS = YES_AGGRESSIVE;
				GCC_WARN_UNUSED_FUNCTION = YES;
				GCC_WARN_UNUSED_VARIABLE = YES;
				MACOSX_DEPLOYMENT_TARGET = 10.12;
				MTL_ENABLE_DEBUG_INFO = NO;
				SDKROOT = macosx;
				SWIFT_OPTIMIZATION_LEVEL = "-Owholemodule";
				VERSIONING_SYSTEM = "apple-generic";
				VERSION_INFO_PREFIX = "";
			};
			name = Release;
		};
		06BE1ADD1DB410F100EE0F59 /* Debug */ = {
			isa = XCBuildConfiguration;
			buildSettings = {
				APPLICATION_EXTENSION_API_ONLY = YES;
				CLANG_ENABLE_MODULES = YES;
				CODE_SIGN_IDENTITY = "";
				COMBINE_HIDPI_IMAGES = YES;
				DEFINES_MODULE = YES;
				DEVELOPMENT_TEAM = 9KL2W72SQF;
				DYLIB_COMPATIBILITY_VERSION = 1;
				DYLIB_CURRENT_VERSION = 1;
				DYLIB_INSTALL_NAME_BASE = "@rpath";
				FRAMEWORK_VERSION = A;
				INFOPLIST_FILE = "$(SRCROOT)/Sources/Service/Info.plist";
				INSTALL_PATH = "$(LOCAL_LIBRARY_DIR)/Frameworks";
				LD_RUNPATH_SEARCH_PATHS = "$(inherited) @executable_path/../Frameworks @loader_path/Frameworks";
				PRODUCT_BUNDLE_IDENTIFIER = me.tsolomko.SWCompression;
				PRODUCT_NAME = "$(TARGET_NAME)";
				SKIP_INSTALL = YES;
				SWIFT_OPTIMIZATION_LEVEL = "-Onone";
				SWIFT_VERSION = 3.0;
			};
			name = Debug;
		};
		06BE1ADE1DB410F100EE0F59 /* Release */ = {
			isa = XCBuildConfiguration;
			buildSettings = {
				APPLICATION_EXTENSION_API_ONLY = YES;
				CLANG_ENABLE_MODULES = YES;
				CODE_SIGN_IDENTITY = "";
				COMBINE_HIDPI_IMAGES = YES;
				DEFINES_MODULE = YES;
				DEVELOPMENT_TEAM = 9KL2W72SQF;
				DYLIB_COMPATIBILITY_VERSION = 1;
				DYLIB_CURRENT_VERSION = 1;
				DYLIB_INSTALL_NAME_BASE = "@rpath";
				FRAMEWORK_VERSION = A;
				INFOPLIST_FILE = "$(SRCROOT)/Sources/Service/Info.plist";
				INSTALL_PATH = "$(LOCAL_LIBRARY_DIR)/Frameworks";
				LD_RUNPATH_SEARCH_PATHS = "$(inherited) @executable_path/../Frameworks @loader_path/Frameworks";
				PRODUCT_BUNDLE_IDENTIFIER = me.tsolomko.SWCompression;
				PRODUCT_NAME = "$(TARGET_NAME)";
				SKIP_INSTALL = YES;
				SWIFT_VERSION = 3.0;
			};
			name = Release;
		};
		06BE1AE01DB410F100EE0F59 /* Debug */ = {
			isa = XCBuildConfiguration;
			buildSettings = {
				ALWAYS_EMBED_SWIFT_STANDARD_LIBRARIES = YES;
				COMBINE_HIDPI_IMAGES = YES;
				DEVELOPMENT_TEAM = 9KL2W72SQF;
				INFOPLIST_FILE = Tests/Info.plist;
				LD_RUNPATH_SEARCH_PATHS = "$(inherited) @executable_path/../Frameworks @loader_path/../Frameworks";
				PRODUCT_BUNDLE_IDENTIFIER = me.tsolomko.SWCompressionTests;
				PRODUCT_NAME = "$(TARGET_NAME)";
				SWIFT_VERSION = 3.0;
			};
			name = Debug;
		};
		06BE1AE11DB410F100EE0F59 /* Release */ = {
			isa = XCBuildConfiguration;
			buildSettings = {
				ALWAYS_EMBED_SWIFT_STANDARD_LIBRARIES = YES;
				COMBINE_HIDPI_IMAGES = YES;
				DEVELOPMENT_TEAM = 9KL2W72SQF;
				INFOPLIST_FILE = Tests/Info.plist;
				LD_RUNPATH_SEARCH_PATHS = "$(inherited) @executable_path/../Frameworks @loader_path/../Frameworks";
				PRODUCT_BUNDLE_IDENTIFIER = me.tsolomko.SWCompressionTests;
				PRODUCT_NAME = "$(TARGET_NAME)";
				SWIFT_VERSION = 3.0;
			};
			name = Release;
		};
/* End XCBuildConfiguration section */

/* Begin XCConfigurationList section */
		065569461DC659FF00A47E66 /* Build configuration list for PBXNativeTarget "SWCompression iOS" */ = {
			isa = XCConfigurationList;
			buildConfigurations = (
				065569441DC659FF00A47E66 /* Debug */,
				065569451DC659FF00A47E66 /* Release */,
			);
			defaultConfigurationIsVisible = 0;
			defaultConfigurationName = Release;
		};
		065569511DC65A8000A47E66 /* Build configuration list for PBXNativeTarget "SWCompression watchOS" */ = {
			isa = XCConfigurationList;
			buildConfigurations = (
				065569521DC65A8000A47E66 /* Debug */,
				065569531DC65A8000A47E66 /* Release */,
			);
			defaultConfigurationIsVisible = 0;
			defaultConfigurationName = Release;
		};
		0655695E1DC65A9500A47E66 /* Build configuration list for PBXNativeTarget "SWCompression tvOS" */ = {
			isa = XCConfigurationList;
			buildConfigurations = (
				0655695F1DC65A9500A47E66 /* Debug */,
				065569601DC65A9500A47E66 /* Release */,
			);
			defaultConfigurationIsVisible = 0;
			defaultConfigurationName = Release;
		};
		06BE1AC21DB410F100EE0F59 /* Build configuration list for PBXProject "SWCompression" */ = {
			isa = XCConfigurationList;
			buildConfigurations = (
				06BE1ADA1DB410F100EE0F59 /* Debug */,
				06BE1ADB1DB410F100EE0F59 /* Release */,
			);
			defaultConfigurationIsVisible = 0;
			defaultConfigurationName = Release;
		};
		06BE1ADC1DB410F100EE0F59 /* Build configuration list for PBXNativeTarget "SWCompression" */ = {
			isa = XCConfigurationList;
			buildConfigurations = (
				06BE1ADD1DB410F100EE0F59 /* Debug */,
				06BE1ADE1DB410F100EE0F59 /* Release */,
			);
			defaultConfigurationIsVisible = 0;
			defaultConfigurationName = Release;
		};
		06BE1ADF1DB410F100EE0F59 /* Build configuration list for PBXNativeTarget "SWCompressionTests" */ = {
			isa = XCConfigurationList;
			buildConfigurations = (
				06BE1AE01DB410F100EE0F59 /* Debug */,
				06BE1AE11DB410F100EE0F59 /* Release */,
			);
			defaultConfigurationIsVisible = 0;
			defaultConfigurationName = Release;
		};
/* End XCConfigurationList section */
	};
	rootObject = 06BE1ABF1DB410F100EE0F59 /* Project object */;
}
